
Microsoft Visual Studio Solution File, Format Version 12.00
# Visual Studio 15
Project("{FAE04EC0-301F-11D3-BF4B-00C04F79EFBC}") = "UnityEngine.UI", "UnityEngine.UI.csproj", "{62531AEB-DD24-071A-ABAC-D0BEC5E436B0}"
EndProject
Project("{FAE04EC0-301F-11D3-BF4B-00C04F79EFBC}") = "com.rlabrecque.steamworks.net", "com.rlabrecque.steamworks.net.csproj", "{26BA3A58-640C-AC4D-E174-8368ADB59154}"
EndProject
Project("{FAE04EC0-301F-11D3-BF4B-00C04F79EFBC}") = "Unity.RenderPipelines.Core.Runtime", "Unity.RenderPipelines.Core.Runtime.csproj", "{46621F4B-5E10-1CB1-26E4-3BA57668EF55}"
EndProject
Project("{FAE04EC0-301F-11D3-BF4B-00C04F79EFBC}") = "Unity.Mathematics", "Unity.Mathematics.csproj", "{B23AA586-AED2-72E6-0B55-8FE8CF80D9E0}"
EndProject
Project("{FAE04EC0-301F-11D3-BF4B-00C04F79EFBC}") = "RiptideNetworking", "RiptideNetworking.csproj", "{FB091D80-095A-8371-891A-E1761FDABDDA}"
EndProject
Project("{FAE04EC0-301F-11D3-BF4B-00C04F79EFBC}") = "Unity.Timeline", "Unity.Timeline.csproj", "{D834ADB7-9881-5CE8-DA04-65EC4F21BFD3}"
EndProject
Project("{FAE04EC0-301F-11D3-BF4B-00C04F79EFBC}") = "Unity.RenderPipelines.Universal.Runtime", "Unity.RenderPipelines.Universal.Runtime.csproj", "{24FDFC67-FDF7-8958-7456-2A2334A0D45F}"
EndProject
Project("{FAE04EC0-301F-11D3-BF4B-00C04F79EFBC}") = "Unity.Burst", "Unity.Burst.csproj", "{F1E5452D-3509-54F7-7BDE-EDA1E9E5331B}"
EndProject
Project("{FAE04EC0-301F-11D3-BF4B-00C04F79EFBC}") = "Assembly-CSharp", "Assembly-CSharp.csproj", "{A91CB718-30E6-D801-133B-0E4D1EF44E63}"
EndProject
Project("{FAE04EC0-301F-11D3-BF4B-00C04F79EFBC}") = "Unity.RenderPipeline.Universal.ShaderLibrary", "Unity.RenderPipeline.Universal.ShaderLibrary.csproj", "{B99DA9D5-ABC1-925B-6A07-F27955ED21D0}"
EndProject
Project("{FAE04EC0-301F-11D3-BF4B-00C04F79EFBC}") = "Unity.RenderPipelines.Core.ShaderLibrary", "Unity.RenderPipelines.Core.ShaderLibrary.csproj", "{8AD40194-6AFC-8459-58B2-A17034C6C462}"
EndProject
Project("{FAE04EC0-301F-11D3-BF4B-00C04F79EFBC}") = "Unity.RenderPipelines.Universal.Shaders", "Unity.RenderPipelines.Universal.Shaders.csproj", "{E047D19F-D844-31F8-D5FB-F58E03254315}"
EndProject
Project("{FAE04EC0-301F-11D3-BF4B-00C04F79EFBC}") = "Unity.RenderPipelines.ShaderGraph.ShaderGraphLibrary", "Unity.RenderPipelines.ShaderGraph.ShaderGraphLibrary.csproj", "{696FEEC8-E187-648F-84EF-3F900521BAEF}"
EndProject
Project("{FAE04EC0-301F-11D3-BF4B-00C04F79EFBC}") = "UnityEngine.TestRunner", "UnityEngine.TestRunner.csproj", "{98CF63B9-C983-1A8C-8C63-65E7B86C25DB}"
EndProject
Project("{FAE04EC0-301F-11D3-BF4B-00C04F79EFBC}") = "Unity.ShaderGraph.Editor", "Unity.ShaderGraph.Editor.csproj", "{00783990-8FBB-A030-9735-8C2E1E7CC37A}"
EndProject
Project("{FAE04EC0-301F-11D3-BF4B-00C04F79EFBC}") = "UnityEditor.UI", "UnityEditor.UI.csproj", "{EAED5DD5-B198-B2A6-3471-A1A6D7FAA5FD}"
EndProject
Project("{FAE04EC0-301F-11D3-BF4B-00C04F79EFBC}") = "Unity.Timeline.Editor", "Unity.Timeline.Editor.csproj", "{67B90F47-291B-9AEF-1B16-03A8ACCB0B69}"
EndProject
Project("{FAE04EC0-301F-11D3-BF4B-00C04F79EFBC}") = "Unity.RenderPipelines.Universal.Editor", "Unity.RenderPipelines.Universal.Editor.csproj", "{8A713F4A-E800-BBD7-1710-B52D96CCAFD9}"
EndProject
Project("{FAE04EC0-301F-11D3-BF4B-00C04F79EFBC}") = "Unity.RenderPipelines.Core.Editor", "Unity.RenderPipelines.Core.Editor.csproj", "{8D989BEE-FFEF-A8AE-41E5-23FEBD3CA788}"
EndProject
Project("{FAE04EC0-301F-11D3-BF4B-00C04F79EFBC}") = "Unity.ShaderGraph.Utilities", "Unity.ShaderGraph.Utilities.csproj", "{63B55014-030E-3F53-2BA4-FBF7384C1B1C}"
EndProject
Project("{FAE04EC0-301F-11D3-BF4B-00C04F79EFBC}") = "Unity.2D.Sprite.Editor", "Unity.2D.Sprite.Editor.csproj", "{FAA97FD7-5CF5-5932-0EE2-1D12C2BBA0A7}"
EndProject
Project("{FAE04EC0-301F-11D3-BF4B-00C04F79EFBC}") = "com.rlabrecque.steamworks.net.editor", "com.rlabrecque.steamworks.net.editor.csproj", "{D9B53A4A-5997-39F6-D507-5D7723C87743}"
EndProject
Project("{FAE04EC0-301F-11D3-BF4B-00C04F79EFBC}") = "Unity.Searcher.Editor", "Unity.Searcher.Editor.csproj", "{83C5DAF4-CF37-8E52-1FA3-F46FCD31E260}"
EndProject
Project("{FAE04EC0-301F-11D3-BF4B-00C04F79EFBC}") = "PPv2URPConverters", "PPv2URPConverters.csproj", "{41CFBD9B-CA68-8332-1503-70FF6A49362B}"
EndProject
Project("{FAE04EC0-301F-11D3-BF4B-00C04F79EFBC}") = "Unity.Burst.Editor", "Unity.Burst.Editor.csproj", "{FE8DC230-F315-A076-431F-0FAD3D24B0E2}"
EndProject
Project("{FAE04EC0-301F-11D3-BF4B-00C04F79EFBC}") = "Unity.SysrootPackage.Editor", "Unity.SysrootPackage.Editor.csproj", "{512C6785-0CE6-048E-6122-62290458B700}"
EndProject
Project("{FAE04EC0-301F-11D3-BF4B-00C04F79EFBC}") = "Unity.Burst.CodeGen", "Unity.Burst.CodeGen.csproj", "{82961308-7998-8256-F52C-7A494CB73B2B}"
EndProject
Project("{FAE04EC0-301F-11D3-BF4B-00C04F79EFBC}") = "Unity.VSCode.Editor", "Unity.VSCode.Editor.csproj", "{E7FE74F5-F5DB-9295-7488-A2E837932F7C}"
EndProject
Project("{FAE04EC0-301F-11D3-BF4B-00C04F79EFBC}") = "Unity.Toolchain.Win-x86_64-Linux-x86_64", "Unity.Toolchain.Win-x86_64-Linux-x86_64.csproj", "{95011CA5-F72F-FB99-C121-933937E81BFD}"
EndProject
Project("{FAE04EC0-301F-11D3-BF4B-00C04F79EFBC}") = "Unity.Mathematics.Editor", "Unity.Mathematics.Editor.csproj", "{95FE5051-08E5-6678-F54F-B69EF93E8298}"
EndProject
Project("{FAE04EC0-301F-11D3-BF4B-00C04F79EFBC}") = "Unity.Sysroot.Linux_x86_64", "Unity.Sysroot.Linux_x86_64.csproj", "{89E032AC-B178-B417-6009-1B48DC213D58}"
EndProject
Project("{FAE04EC0-301F-11D3-BF4B-00C04F79EFBC}") = "UnityEditor.TestRunner", "UnityEditor.TestRunner.csproj", "{84DC016B-1ECD-26DC-4D0E-AF38C6E4E70A}"
EndProject
Project("{FAE04EC0-301F-11D3-BF4B-00C04F79EFBC}") = "Unity.VisualStudio.Editor", "Unity.VisualStudio.Editor.csproj", "{B06516A8-358C-47C1-D2E9-DD8D6559CC2A}"
EndProject
Global
	GlobalSection(SolutionConfigurationPlatforms) = preSolution
		Debug|Any CPU = Debug|Any CPU
		Release|Any CPU = Release|Any CPU
	EndGlobalSection
	GlobalSection(ProjectConfigurationPlatforms) = postSolution
		{62531AEB-DD24-071A-ABAC-D0BEC5E436B0}.Debug|Any CPU.ActiveCfg = Debug|Any CPU
		{62531AEB-DD24-071A-ABAC-D0BEC5E436B0}.Debug|Any CPU.Build.0 = Debug|Any CPU
		{62531AEB-DD24-071A-ABAC-D0BEC5E436B0}.Release|Any CPU.ActiveCfg = Release|Any CPU
		{62531AEB-DD24-071A-ABAC-D0BEC5E436B0}.Release|Any CPU.Build.0 = Release|Any CPU
		{26BA3A58-640C-AC4D-E174-8368ADB59154}.Debug|Any CPU.ActiveCfg = Debug|Any CPU
		{26BA3A58-640C-AC4D-E174-8368ADB59154}.Debug|Any CPU.Build.0 = Debug|Any CPU
		{26BA3A58-640C-AC4D-E174-8368ADB59154}.Release|Any CPU.ActiveCfg = Release|Any CPU
		{26BA3A58-640C-AC4D-E174-8368ADB59154}.Release|Any CPU.Build.0 = Release|Any CPU
		{46621F4B-5E10-1CB1-26E4-3BA57668EF55}.Debug|Any CPU.ActiveCfg = Debug|Any CPU
		{46621F4B-5E10-1CB1-26E4-3BA57668EF55}.Debug|Any CPU.Build.0 = Debug|Any CPU
		{46621F4B-5E10-1CB1-26E4-3BA57668EF55}.Release|Any CPU.ActiveCfg = Release|Any CPU
		{46621F4B-5E10-1CB1-26E4-3BA57668EF55}.Release|Any CPU.Build.0 = Release|Any CPU
		{B23AA586-AED2-72E6-0B55-8FE8CF80D9E0}.Debug|Any CPU.ActiveCfg = Debug|Any CPU
		{B23AA586-AED2-72E6-0B55-8FE8CF80D9E0}.Debug|Any CPU.Build.0 = Debug|Any CPU
		{B23AA586-AED2-72E6-0B55-8FE8CF80D9E0}.Release|Any CPU.ActiveCfg = Release|Any CPU
		{B23AA586-AED2-72E6-0B55-8FE8CF80D9E0}.Release|Any CPU.Build.0 = Release|Any CPU
		{FB091D80-095A-8371-891A-E1761FDABDDA}.Debug|Any CPU.ActiveCfg = Debug|Any CPU
		{FB091D80-095A-8371-891A-E1761FDABDDA}.Debug|Any CPU.Build.0 = Debug|Any CPU
		{FB091D80-095A-8371-891A-E1761FDABDDA}.Release|Any CPU.ActiveCfg = Release|Any CPU
		{FB091D80-095A-8371-891A-E1761FDABDDA}.Release|Any CPU.Build.0 = Release|Any CPU
		{D834ADB7-9881-5CE8-DA04-65EC4F21BFD3}.Debug|Any CPU.ActiveCfg = Debug|Any CPU
		{D834ADB7-9881-5CE8-DA04-65EC4F21BFD3}.Debug|Any CPU.Build.0 = Debug|Any CPU
		{D834ADB7-9881-5CE8-DA04-65EC4F21BFD3}.Release|Any CPU.ActiveCfg = Release|Any CPU
		{D834ADB7-9881-5CE8-DA04-65EC4F21BFD3}.Release|Any CPU.Build.0 = Release|Any CPU
		{24FDFC67-FDF7-8958-7456-2A2334A0D45F}.Debug|Any CPU.ActiveCfg = Debug|Any CPU
		{24FDFC67-FDF7-8958-7456-2A2334A0D45F}.Debug|Any CPU.Build.0 = Debug|Any CPU
		{24FDFC67-FDF7-8958-7456-2A2334A0D45F}.Release|Any CPU.ActiveCfg = Release|Any CPU
		{24FDFC67-FDF7-8958-7456-2A2334A0D45F}.Release|Any CPU.Build.0 = Release|Any CPU
		{F1E5452D-3509-54F7-7BDE-EDA1E9E5331B}.Debug|Any CPU.ActiveCfg = Debug|Any CPU
		{F1E5452D-3509-54F7-7BDE-EDA1E9E5331B}.Debug|Any CPU.Build.0 = Debug|Any CPU
		{F1E5452D-3509-54F7-7BDE-EDA1E9E5331B}.Release|Any CPU.ActiveCfg = Release|Any CPU
		{F1E5452D-3509-54F7-7BDE-EDA1E9E5331B}.Release|Any CPU.Build.0 = Release|Any CPU
		{A91CB718-30E6-D801-133B-0E4D1EF44E63}.Debug|Any CPU.ActiveCfg = Debug|Any CPU
		{A91CB718-30E6-D801-133B-0E4D1EF44E63}.Debug|Any CPU.Build.0 = Debug|Any CPU
		{A91CB718-30E6-D801-133B-0E4D1EF44E63}.Release|Any CPU.ActiveCfg = Release|Any CPU
		{A91CB718-30E6-D801-133B-0E4D1EF44E63}.Release|Any CPU.Build.0 = Release|Any CPU
		{B99DA9D5-ABC1-925B-6A07-F27955ED21D0}.Debug|Any CPU.ActiveCfg = Debug|Any CPU
		{B99DA9D5-ABC1-925B-6A07-F27955ED21D0}.Debug|Any CPU.Build.0 = Debug|Any CPU
		{B99DA9D5-ABC1-925B-6A07-F27955ED21D0}.Release|Any CPU.ActiveCfg = Release|Any CPU
		{B99DA9D5-ABC1-925B-6A07-F27955ED21D0}.Release|Any CPU.Build.0 = Release|Any CPU
		{8AD40194-6AFC-8459-58B2-A17034C6C462}.Debug|Any CPU.ActiveCfg = Debug|Any CPU
		{8AD40194-6AFC-8459-58B2-A17034C6C462}.Debug|Any CPU.Build.0 = Debug|Any CPU
		{8AD40194-6AFC-8459-58B2-A17034C6C462}.Release|Any CPU.ActiveCfg = Release|Any CPU
		{8AD40194-6AFC-8459-58B2-A17034C6C462}.Release|Any CPU.Build.0 = Release|Any CPU
		{E047D19F-D844-31F8-D5FB-F58E03254315}.Debug|Any CPU.ActiveCfg = Debug|Any CPU
		{E047D19F-D844-31F8-D5FB-F58E03254315}.Debug|Any CPU.Build.0 = Debug|Any CPU
		{E047D19F-D844-31F8-D5FB-F58E03254315}.Release|Any CPU.ActiveCfg = Release|Any CPU
		{E047D19F-D844-31F8-D5FB-F58E03254315}.Release|Any CPU.Build.0 = Release|Any CPU
		{696FEEC8-E187-648F-84EF-3F900521BAEF}.Debug|Any CPU.ActiveCfg = Debug|Any CPU
		{696FEEC8-E187-648F-84EF-3F900521BAEF}.Debug|Any CPU.Build.0 = Debug|Any CPU
		{696FEEC8-E187-648F-84EF-3F900521BAEF}.Release|Any CPU.ActiveCfg = Release|Any CPU
		{696FEEC8-E187-648F-84EF-3F900521BAEF}.Release|Any CPU.Build.0 = Release|Any CPU
		{98CF63B9-C983-1A8C-8C63-65E7B86C25DB}.Debug|Any CPU.ActiveCfg = Debug|Any CPU
		{98CF63B9-C983-1A8C-8C63-65E7B86C25DB}.Debug|Any CPU.Build.0 = Debug|Any CPU
		{98CF63B9-C983-1A8C-8C63-65E7B86C25DB}.Release|Any CPU.ActiveCfg = Release|Any CPU
		{98CF63B9-C983-1A8C-8C63-65E7B86C25DB}.Release|Any CPU.Build.0 = Release|Any CPU
		{00783990-8FBB-A030-9735-8C2E1E7CC37A}.Debug|Any CPU.ActiveCfg = Debug|Any CPU
		{00783990-8FBB-A030-9735-8C2E1E7CC37A}.Debug|Any CPU.Build.0 = Debug|Any CPU
		{00783990-8FBB-A030-9735-8C2E1E7CC37A}.Release|Any CPU.ActiveCfg = Release|Any CPU
		{00783990-8FBB-A030-9735-8C2E1E7CC37A}.Release|Any CPU.Build.0 = Release|Any CPU
		{EAED5DD5-B198-B2A6-3471-A1A6D7FAA5FD}.Debug|Any CPU.ActiveCfg = Debug|Any CPU
		{EAED5DD5-B198-B2A6-3471-A1A6D7FAA5FD}.Debug|Any CPU.Build.0 = Debug|Any CPU
		{EAED5DD5-B198-B2A6-3471-A1A6D7FAA5FD}.Release|Any CPU.ActiveCfg = Release|Any CPU
		{EAED5DD5-B198-B2A6-3471-A1A6D7FAA5FD}.Release|Any CPU.Build.0 = Release|Any CPU
		{67B90F47-291B-9AEF-1B16-03A8ACCB0B69}.Debug|Any CPU.ActiveCfg = Debug|Any CPU
		{67B90F47-291B-9AEF-1B16-03A8ACCB0B69}.Debug|Any CPU.Build.0 = Debug|Any CPU
		{67B90F47-291B-9AEF-1B16-03A8ACCB0B69}.Release|Any CPU.ActiveCfg = Release|Any CPU
		{67B90F47-291B-9AEF-1B16-03A8ACCB0B69}.Release|Any CPU.Build.0 = Release|Any CPU
		{8A713F4A-E800-BBD7-1710-B52D96CCAFD9}.Debug|Any CPU.ActiveCfg = Debug|Any CPU
		{8A713F4A-E800-BBD7-1710-B52D96CCAFD9}.Debug|Any CPU.Build.0 = Debug|Any CPU
		{8A713F4A-E800-BBD7-1710-B52D96CCAFD9}.Release|Any CPU.ActiveCfg = Release|Any CPU
		{8A713F4A-E800-BBD7-1710-B52D96CCAFD9}.Release|Any CPU.Build.0 = Release|Any CPU
		{8D989BEE-FFEF-A8AE-41E5-23FEBD3CA788}.Debug|Any CPU.ActiveCfg = Debug|Any CPU
		{8D989BEE-FFEF-A8AE-41E5-23FEBD3CA788}.Debug|Any CPU.Build.0 = Debug|Any CPU
		{8D989BEE-FFEF-A8AE-41E5-23FEBD3CA788}.Release|Any CPU.ActiveCfg = Release|Any CPU
		{8D989BEE-FFEF-A8AE-41E5-23FEBD3CA788}.Release|Any CPU.Build.0 = Release|Any CPU
		{63B55014-030E-3F53-2BA4-FBF7384C1B1C}.Debug|Any CPU.ActiveCfg = Debug|Any CPU
		{63B55014-030E-3F53-2BA4-FBF7384C1B1C}.Debug|Any CPU.Build.0 = Debug|Any CPU
		{63B55014-030E-3F53-2BA4-FBF7384C1B1C}.Release|Any CPU.ActiveCfg = Release|Any CPU
		{63B55014-030E-3F53-2BA4-FBF7384C1B1C}.Release|Any CPU.Build.0 = Release|Any CPU
		{FAA97FD7-5CF5-5932-0EE2-1D12C2BBA0A7}.Debug|Any CPU.ActiveCfg = Debug|Any CPU
		{FAA97FD7-5CF5-5932-0EE2-1D12C2BBA0A7}.Debug|Any CPU.Build.0 = Debug|Any CPU
		{FAA97FD7-5CF5-5932-0EE2-1D12C2BBA0A7}.Release|Any CPU.ActiveCfg = Release|Any CPU
		{FAA97FD7-5CF5-5932-0EE2-1D12C2BBA0A7}.Release|Any CPU.Build.0 = Release|Any CPU
		{D9B53A4A-5997-39F6-D507-5D7723C87743}.Debug|Any CPU.ActiveCfg = Debug|Any CPU
		{D9B53A4A-5997-39F6-D507-5D7723C87743}.Debug|Any CPU.Build.0 = Debug|Any CPU
		{D9B53A4A-5997-39F6-D507-5D7723C87743}.Release|Any CPU.ActiveCfg = Release|Any CPU
		{D9B53A4A-5997-39F6-D507-5D7723C87743}.Release|Any CPU.Build.0 = Release|Any CPU
		{83C5DAF4-CF37-8E52-1FA3-F46FCD31E260}.Debug|Any CPU.ActiveCfg = Debug|Any CPU
		{83C5DAF4-CF37-8E52-1FA3-F46FCD31E260}.Debug|Any CPU.Build.0 = Debug|Any CPU
		{83C5DAF4-CF37-8E52-1FA3-F46FCD31E260}.Release|Any CPU.ActiveCfg = Release|Any CPU
		{83C5DAF4-CF37-8E52-1FA3-F46FCD31E260}.Release|Any CPU.Build.0 = Release|Any CPU
		{41CFBD9B-CA68-8332-1503-70FF6A49362B}.Debug|Any CPU.ActiveCfg = Debug|Any CPU
		{41CFBD9B-CA68-8332-1503-70FF6A49362B}.Debug|Any CPU.Build.0 = Debug|Any CPU
		{41CFBD9B-CA68-8332-1503-70FF6A49362B}.Release|Any CPU.ActiveCfg = Release|Any CPU
		{41CFBD9B-CA68-8332-1503-70FF6A49362B}.Release|Any CPU.Build.0 = Release|Any CPU
		{FE8DC230-F315-A076-431F-0FAD3D24B0E2}.Debug|Any CPU.ActiveCfg = Debug|Any CPU
		{FE8DC230-F315-A076-431F-0FAD3D24B0E2}.Debug|Any CPU.Build.0 = Debug|Any CPU
		{FE8DC230-F315-A076-431F-0FAD3D24B0E2}.Release|Any CPU.ActiveCfg = Release|Any CPU
		{FE8DC230-F315-A076-431F-0FAD3D24B0E2}.Release|Any CPU.Build.0 = Release|Any CPU
		{512C6785-0CE6-048E-6122-62290458B700}.Debug|Any CPU.ActiveCfg = Debug|Any CPU
		{512C6785-0CE6-048E-6122-62290458B700}.Debug|Any CPU.Build.0 = Debug|Any CPU
		{512C6785-0CE6-048E-6122-62290458B700}.Release|Any CPU.ActiveCfg = Release|Any CPU
		{512C6785-0CE6-048E-6122-62290458B700}.Release|Any CPU.Build.0 = Release|Any CPU
		{82961308-7998-8256-F52C-7A494CB73B2B}.Debug|Any CPU.ActiveCfg = Debug|Any CPU
		{82961308-7998-8256-F52C-7A494CB73B2B}.Debug|Any CPU.Build.0 = Debug|Any CPU
		{82961308-7998-8256-F52C-7A494CB73B2B}.Release|Any CPU.ActiveCfg = Release|Any CPU
		{82961308-7998-8256-F52C-7A494CB73B2B}.Release|Any CPU.Build.0 = Release|Any CPU
		{E7FE74F5-F5DB-9295-7488-A2E837932F7C}.Debug|Any CPU.ActiveCfg = Debug|Any CPU
		{E7FE74F5-F5DB-9295-7488-A2E837932F7C}.Debug|Any CPU.Build.0 = Debug|Any CPU
		{E7FE74F5-F5DB-9295-7488-A2E837932F7C}.Release|Any CPU.ActiveCfg = Release|Any CPU
		{E7FE74F5-F5DB-9295-7488-A2E837932F7C}.Release|Any CPU.Build.0 = Release|Any CPU
		{95011CA5-F72F-FB99-C121-933937E81BFD}.Debug|Any CPU.ActiveCfg = Debug|Any CPU
		{95011CA5-F72F-FB99-C121-933937E81BFD}.Debug|Any CPU.Build.0 = Debug|Any CPU
		{95011CA5-F72F-FB99-C121-933937E81BFD}.Release|Any CPU.ActiveCfg = Release|Any CPU
		{95011CA5-F72F-FB99-C121-933937E81BFD}.Release|Any CPU.Build.0 = Release|Any CPU
		{95FE5051-08E5-6678-F54F-B69EF93E8298}.Debug|Any CPU.ActiveCfg = Debug|Any CPU
		{95FE5051-08E5-6678-F54F-B69EF93E8298}.Debug|Any CPU.Build.0 = Debug|Any CPU
		{95FE5051-08E5-6678-F54F-B69EF93E8298}.Release|Any CPU.ActiveCfg = Release|Any CPU
		{95FE5051-08E5-6678-F54F-B69EF93E8298}.Release|Any CPU.Build.0 = Release|Any CPU
		{89E032AC-B178-B417-6009-1B48DC213D58}.Debug|Any CPU.ActiveCfg = Debug|Any CPU
		{89E032AC-B178-B417-6009-1B48DC213D58}.Debug|Any CPU.Build.0 = Debug|Any CPU
		{89E032AC-B178-B417-6009-1B48DC213D58}.Release|Any CPU.ActiveCfg = Release|Any CPU
		{89E032AC-B178-B417-6009-1B48DC213D58}.Release|Any CPU.Build.0 = Release|Any CPU
		{84DC016B-1ECD-26DC-4D0E-AF38C6E4E70A}.Debug|Any CPU.ActiveCfg = Debug|Any CPU
		{84DC016B-1ECD-26DC-4D0E-AF38C6E4E70A}.Debug|Any CPU.Build.0 = Debug|Any CPU
		{84DC016B-1ECD-26DC-4D0E-AF38C6E4E70A}.Release|Any CPU.ActiveCfg = Release|Any CPU
		{84DC016B-1ECD-26DC-4D0E-AF38C6E4E70A}.Release|Any CPU.Build.0 = Release|Any CPU
		{B06516A8-358C-47C1-D2E9-DD8D6559CC2A}.Debug|Any CPU.ActiveCfg = Debug|Any CPU
		{B06516A8-358C-47C1-D2E9-DD8D6559CC2A}.Debug|Any CPU.Build.0 = Debug|Any CPU
		{B06516A8-358C-47C1-D2E9-DD8D6559CC2A}.Release|Any CPU.ActiveCfg = Release|Any CPU
		{B06516A8-358C-47C1-D2E9-DD8D6559CC2A}.Release|Any CPU.Build.0 = Release|Any CPU
	EndGlobalSection
	GlobalSection(SolutionProperties) = preSolution
		HideSolutionNode = FALSE
	EndGlobalSection
EndGlobal
